# THIS IS AN AUTOGENERATED FILE. DO NOT EDIT THIS FILE DIRECTLY.
# yarn lockfile v1


"@babel/helper-validator-identifier@^7.12.11":
  "integrity" "sha1-yaHwIZF9y1zPDU5FPjmQIpgfye0="
  "resolved" "https://registry.npm.taobao.org/@babel/helper-validator-identifier/download/@babel/helper-validator-identifier-7.12.11.tgz"
  "version" "7.12.11"

"@babel/parser@^7.12.0":
  "integrity" "sha1-NAIRsNqUo1Gm8Q5jZx+nJzM9E6s="
  "resolved" "https://registry.npm.taobao.org/@babel/parser/download/@babel/parser-7.13.4.tgz"
  "version" "7.13.4"

"@babel/types@^7.12.0":
  "integrity" "sha1-dEJNKBbwFxtBAPCrNOmjdO/ff4A="
  "resolved" "https://registry.npm.taobao.org/@babel/types/download/@babel/types-7.13.0.tgz"
  "version" "7.13.0"
  dependencies:
    "@babel/helper-validator-identifier" "^7.12.11"
    "lodash" "^4.17.19"
    "to-fast-properties" "^2.0.0"

"@popperjs/core@^2.4.4":
  "integrity" "sha1-rXXr6Nvs+hRa88fk0K6YAWRY0AU="
  "resolved" "https://registry.npm.taobao.org/@popperjs/core/download/@popperjs/core-2.8.6.tgz?cache=0&sync_timestamp=1614364461390&other_urls=https%3A%2F%2Fregistry.npm.taobao.org%2F%40popperjs%2Fcore%2Fdownload%2F%40popperjs%2Fcore-2.8.6.tgz"
  "version" "2.8.6"

"@vitejs/plugin-vue@^1.1.4":
  "integrity" "sha1-+h6OXgScNeITZy4z9z/oFwatXb4="
  "resolved" "https://registry.npm.taobao.org/@vitejs/plugin-vue/download/@vitejs/plugin-vue-1.1.5.tgz"
  "version" "1.1.5"

"@vue/compiler-core@3.0.6":
  "integrity" "sha1-Jlu+BxGoGrTBNE+ClOIuLQjKFn0="
  "resolved" "https://registry.npm.taobao.org/@vue/compiler-core/download/@vue/compiler-core-3.0.6.tgz"
  "version" "3.0.6"
  dependencies:
    "@babel/parser" "^7.12.0"
    "@babel/types" "^7.12.0"
    "@vue/shared" "3.0.6"
    "estree-walker" "^2.0.1"
    "source-map" "^0.6.1"

"@vue/compiler-dom@3.0.6":
  "integrity" "sha1-+Uw5WTIKElKRW9ArlD+Wp+4/yVE="
  "resolved" "https://registry.npm.taobao.org/@vue/compiler-dom/download/@vue/compiler-dom-3.0.6.tgz"
  "version" "3.0.6"
  dependencies:
    "@vue/compiler-core" "3.0.6"
    "@vue/shared" "3.0.6"

"@vue/compiler-sfc@^3.0.5", "@vue/compiler-sfc@^3.0.6":
  "integrity" "sha1-OUX3OpPVKGh5nx4zKnW7iEmXask="
  "resolved" "https://registry.npm.taobao.org/@vue/compiler-sfc/download/@vue/compiler-sfc-3.0.6.tgz"
  "version" "3.0.6"
  dependencies:
    "@babel/parser" "^7.12.0"
    "@babel/types" "^7.12.0"
    "@vue/compiler-core" "3.0.6"
    "@vue/compiler-dom" "3.0.6"
    "@vue/compiler-ssr" "3.0.6"
    "@vue/shared" "3.0.6"
    "consolidate" "^0.16.0"
    "estree-walker" "^2.0.1"
    "hash-sum" "^2.0.0"
    "lru-cache" "^5.1.1"
    "magic-string" "^0.25.7"
    "merge-source-map" "^1.1.0"
    "postcss" "^8.1.10"
    "postcss-modules" "^4.0.0"
    "postcss-selector-parser" "^6.0.4"
    "source-map" "^0.6.1"

"@vue/compiler-ssr@3.0.6":
  "integrity" "sha1-cVY2HkxGXL7icjJ17cYelAZ45Hw="
  "resolved" "https://registry.npm.taobao.org/@vue/compiler-ssr/download/@vue/compiler-ssr-3.0.6.tgz"
  "version" "3.0.6"
  dependencies:
    "@vue/compiler-dom" "3.0.6"
    "@vue/shared" "3.0.6"

"@vue/reactivity@3.0.6":
  "integrity" "sha1-exbz1dBMxVAoCF//C7hHXMDjKZE="
  "resolved" "https://registry.npm.taobao.org/@vue/reactivity/download/@vue/reactivity-3.0.6.tgz?cache=0&sync_timestamp=1614198861169&other_urls=https%3A%2F%2Fregistry.npm.taobao.org%2F%40vue%2Freactivity%2Fdownload%2F%40vue%2Freactivity-3.0.6.tgz"
  "version" "3.0.6"
  dependencies:
    "@vue/shared" "3.0.6"

"@vue/runtime-core@3.0.6":
  "integrity" "sha1-0Wd5tWZFk/HSW+Z3+xsZaAJKpTI="
  "resolved" "https://registry.npm.taobao.org/@vue/runtime-core/download/@vue/runtime-core-3.0.6.tgz?cache=0&sync_timestamp=1614198861689&other_urls=https%3A%2F%2Fregistry.npm.taobao.org%2F%40vue%2Fruntime-core%2Fdownload%2F%40vue%2Fruntime-core-3.0.6.tgz"
  "version" "3.0.6"
  dependencies:
    "@vue/reactivity" "3.0.6"
    "@vue/shared" "3.0.6"

"@vue/runtime-dom@3.0.6":
  "integrity" "sha1-59bGGRPYcfHwIKmoG1WMj8vrqMY="
  "resolved" "https://registry.npm.taobao.org/@vue/runtime-dom/download/@vue/runtime-dom-3.0.6.tgz?cache=0&sync_timestamp=1614198861553&other_urls=https%3A%2F%2Fregistry.npm.taobao.org%2F%40vue%2Fruntime-dom%2Fdownload%2F%40vue%2Fruntime-dom-3.0.6.tgz"
  "version" "3.0.6"
  dependencies:
    "@vue/runtime-core" "3.0.6"
    "@vue/shared" "3.0.6"
    "csstype" "^2.6.8"

"@vue/shared@3.0.6":
  "integrity" "sha1-1lV2Qw/ErTg9x8gpEYeY5RaReNQ="
  "resolved" "https://registry.npm.taobao.org/@vue/shared/download/@vue/shared-3.0.6.tgz"
  "version" "3.0.6"

"anymatch@~3.1.1":
  "integrity" "sha1-xV7PAhheJGklk5kxDBc84xIzsUI="
  "resolved" "https://registry.npm.taobao.org/anymatch/download/anymatch-3.1.1.tgz"
  "version" "3.1.1"
  dependencies:
    "normalize-path" "^3.0.0"
    "picomatch" "^2.0.4"

"async-validator@^3.4.0":
  "integrity" "sha1-zWK5aIskZfSEIOJ620d2CrG1VZ8="
  "resolved" "https://registry.npm.taobao.org/async-validator/download/async-validator-3.5.1.tgz"
  "version" "3.5.1"

"axios@^0.21.1":
  "integrity" "sha1-IlY0gZYvTWvemnbVFu8OXTwJsrg="
  "resolved" "https://registry.npm.taobao.org/axios/download/axios-0.21.1.tgz?cache=0&sync_timestamp=1608611162952&other_urls=https%3A%2F%2Fregistry.npm.taobao.org%2Faxios%2Fdownload%2Faxios-0.21.1.tgz"
  "version" "0.21.1"
  dependencies:
    "follow-redirects" "^1.10.0"

"big.js@^5.2.2":
  "integrity" "sha1-ZfCvOC9Xi83HQr2cKB6cstd2gyg="
  "resolved" "https://registry.npm.taobao.org/big.js/download/big.js-5.2.2.tgz"
  "version" "5.2.2"

"binary-extensions@^2.0.0":
  "integrity" "sha1-dfUC7q+f/eQvyYgpZFvk6na9ni0="
  "resolved" "https://registry.npm.taobao.org/binary-extensions/download/binary-extensions-2.2.0.tgz?cache=0&sync_timestamp=1610299293319&other_urls=https%3A%2F%2Fregistry.npm.taobao.org%2Fbinary-extensions%2Fdownload%2Fbinary-extensions-2.2.0.tgz"
  "version" "2.2.0"

"bluebird@^3.7.2":
  "integrity" "sha1-nyKcFb4nJFT/qXOs4NvueaGww28="
  "resolved" "https://registry.npm.taobao.org/bluebird/download/bluebird-3.7.2.tgz"
  "version" "3.7.2"

"braces@~3.0.2":
  "integrity" "sha1-NFThpGLujVmeI23zNs2epPiv4Qc="
  "resolved" "https://registry.npm.taobao.org/braces/download/braces-3.0.2.tgz"
  "version" "3.0.2"
  dependencies:
    "fill-range" "^7.0.1"

"chokidar@>=2.0.0 <4.0.0":
  "integrity" "sha1-7pznu+vSt59J8wR5nVRo4x4U5oo="
  "resolved" "https://registry.npm.taobao.org/chokidar/download/chokidar-3.5.1.tgz?cache=0&sync_timestamp=1610719440699&other_urls=https%3A%2F%2Fregistry.npm.taobao.org%2Fchokidar%2Fdownload%2Fchokidar-3.5.1.tgz"
  "version" "3.5.1"
  dependencies:
    "anymatch" "~3.1.1"
    "braces" "~3.0.2"
    "glob-parent" "~5.1.0"
    "is-binary-path" "~2.1.0"
    "is-glob" "~4.0.1"
    "normalize-path" "~3.0.0"
    "readdirp" "~3.5.0"
  optionalDependencies:
    "fsevents" "~2.3.1"

"colorette@^1.2.1":
  "integrity" "sha1-y8x51emcrqLb8Q6zom/Ys+as+pQ="
  "resolved" "https://registry.npm.taobao.org/colorette/download/colorette-1.2.2.tgz?cache=0&sync_timestamp=1614259647923&other_urls=https%3A%2F%2Fregistry.npm.taobao.org%2Fcolorette%2Fdownload%2Fcolorette-1.2.2.tgz"
  "version" "1.2.2"

"consolidate@^0.16.0":
  "integrity" "sha1-oRhkdokw8vGUMWYKZZBmaPX73BY="
  "resolved" "https://registry.npm.taobao.org/consolidate/download/consolidate-0.16.0.tgz"
  "version" "0.16.0"
  dependencies:
    "bluebird" "^3.7.2"

"cssesc@^3.0.0":
  "integrity" "sha1-N3QZGZA7hoVl4cCep0dEXNGJg+4="
  "resolved" "https://registry.npm.taobao.org/cssesc/download/cssesc-3.0.0.tgz"
  "version" "3.0.0"

"csstype@^2.6.8":
  "integrity" "sha1-VE1p9UcBO4WkDRW/912zjzT+nDk="
  "resolved" "https://registry.npm.taobao.org/csstype/download/csstype-2.6.16.tgz?cache=0&sync_timestamp=1614159662633&other_urls=https%3A%2F%2Fregistry.npm.taobao.org%2Fcsstype%2Fdownload%2Fcsstype-2.6.16.tgz"
  "version" "2.6.16"

"dayjs@1.x":
  "integrity" "sha1-jlRKm4aD9heD9XCYCoqA6vVKseI="
  "resolved" "https://registry.npm.taobao.org/dayjs/download/dayjs-1.10.4.tgz?cache=0&sync_timestamp=1611309982734&other_urls=https%3A%2F%2Fregistry.npm.taobao.org%2Fdayjs%2Fdownload%2Fdayjs-1.10.4.tgz"
  "version" "1.10.4"

"element-plus@^1.0.2-beta.32":
  "integrity" "sha1-Iol1z8IlWZPvfM2QI4zqmnB/B0I="
  "resolved" "https://registry.npm.taobao.org/element-plus/download/element-plus-1.0.2-beta.32.tgz?cache=0&sync_timestamp=1612775298236&other_urls=https%3A%2F%2Fregistry.npm.taobao.org%2Felement-plus%2Fdownload%2Felement-plus-1.0.2-beta.32.tgz"
  "version" "1.0.2-beta.32"
  dependencies:
    "@popperjs/core" "^2.4.4"
    "async-validator" "^3.4.0"
    "dayjs" "1.x"
    "lodash" "^4.17.20"
    "mitt" "^2.1.0"
    "normalize-wheel" "^1.0.1"
    "resize-observer-polyfill" "^1.5.1"

"emojis-list@^3.0.0":
  "integrity" "sha1-VXBmIEatKeLpFucariYKvf9Pang="
  "resolved" "https://registry.npm.taobao.org/emojis-list/download/emojis-list-3.0.0.tgz"
  "version" "3.0.0"

"esbuild@^0.8.52":
  "integrity" "sha1-LzL/gOlcaaDyW3mddqJ8BeKFfN8="
  "resolved" "https://registry.npm.taobao.org/esbuild/download/esbuild-0.8.54.tgz"
  "version" "0.8.54"

"estree-walker@^2.0.1":
  "integrity" "sha1-UvAQF4wqTBF6d1fP6UKtt9LaTKw="
  "resolved" "https://registry.npm.taobao.org/estree-walker/download/estree-walker-2.0.2.tgz"
  "version" "2.0.2"

"fill-range@^7.0.1":
  "integrity" "sha1-GRmmp8df44ssfHflGYU12prN2kA="
  "resolved" "https://registry.npm.taobao.org/fill-range/download/fill-range-7.0.1.tgz"
  "version" "7.0.1"
  dependencies:
    "to-regex-range" "^5.0.1"

"follow-redirects@^1.10.0":
  "integrity" "sha1-5VmK1QF0wbxOhyMB6CrCzZf5Amc="
  "resolved" "https://registry.npm.taobao.org/follow-redirects/download/follow-redirects-1.13.3.tgz"
  "version" "1.13.3"

"function-bind@^1.1.1":
  "integrity" "sha1-pWiZ0+o8m6uHS7l3O3xe3pL0iV0="
  "resolved" "https://registry.npm.taobao.org/function-bind/download/function-bind-1.1.1.tgz"
  "version" "1.1.1"

"generic-names@^2.0.1":
  "integrity" "sha1-+KN46tLMqno08DF7BVVIMq5BuHI="
  "resolved" "https://registry.npm.taobao.org/generic-names/download/generic-names-2.0.1.tgz?cache=0&sync_timestamp=1603542537830&other_urls=https%3A%2F%2Fregistry.npm.taobao.org%2Fgeneric-names%2Fdownload%2Fgeneric-names-2.0.1.tgz"
  "version" "2.0.1"
  dependencies:
    "loader-utils" "^1.1.0"

"glob-parent@~5.1.0":
  "integrity" "sha1-tsHvQXxOVmPqSY8cRa+saRa7wik="
  "resolved" "https://registry.npm.taobao.org/glob-parent/download/glob-parent-5.1.1.tgz"
  "version" "5.1.1"
  dependencies:
    "is-glob" "^4.0.1"

"has@^1.0.3":
  "integrity" "sha1-ci18v8H2qoJB8W3YFOAR4fQeh5Y="
  "resolved" "https://registry.npm.taobao.org/has/download/has-1.0.3.tgz"
  "version" "1.0.3"
  dependencies:
    "function-bind" "^1.1.1"

"hash-sum@^2.0.0":
  "integrity" "sha1-gdAbtd6OpKIUrV1urRtSNGCwtFo="
  "resolved" "https://registry.npm.taobao.org/hash-sum/download/hash-sum-2.0.0.tgz"
  "version" "2.0.0"

"icss-replace-symbols@^1.1.0":
  "integrity" "sha1-Bupvg2ead0njhs/h/oEq5dsiPe0="
  "resolved" "https://registry.npm.taobao.org/icss-replace-symbols/download/icss-replace-symbols-1.1.0.tgz"
  "version" "1.1.0"

"icss-utils@^5.0.0":
  "integrity" "sha1-xr5oWKvQE9do6YNmrkfiXViHsa4="
  "resolved" "https://registry.npm.taobao.org/icss-utils/download/icss-utils-5.1.0.tgz?cache=0&sync_timestamp=1605801267950&other_urls=https%3A%2F%2Fregistry.npm.taobao.org%2Ficss-utils%2Fdownload%2Ficss-utils-5.1.0.tgz"
  "version" "5.1.0"

"indexes-of@^1.0.1":
  "integrity" "sha1-8w9xbI4r00bHtn0985FVZqfAVgc="
  "resolved" "https://registry.npm.taobao.org/indexes-of/download/indexes-of-1.0.1.tgz"
  "version" "1.0.1"

"is-binary-path@~2.1.0":
  "integrity" "sha1-6h9/O4DwZCNug0cPhsCcJU+0Wwk="
  "resolved" "https://registry.npm.taobao.org/is-binary-path/download/is-binary-path-2.1.0.tgz"
  "version" "2.1.0"
  dependencies:
    "binary-extensions" "^2.0.0"

"is-core-module@^2.2.0":
  "integrity" "sha1-lwN+89UiJNhRY/VZeytj2a/tmBo="
  "resolved" "https://registry.npm.taobao.org/is-core-module/download/is-core-module-2.2.0.tgz"
  "version" "2.2.0"
  dependencies:
    "has" "^1.0.3"

"is-extglob@^2.1.1":
  "integrity" "sha1-qIwCU1eR8C7TfHahueqXc8gz+MI="
  "resolved" "https://registry.npm.taobao.org/is-extglob/download/is-extglob-2.1.1.tgz"
  "version" "2.1.1"

"is-glob@^4.0.1", "is-glob@~4.0.1":
  "integrity" "sha1-dWfb6fL14kZ7x3q4PEopSCQHpdw="
  "resolved" "https://registry.npm.taobao.org/is-glob/download/is-glob-4.0.1.tgz"
  "version" "4.0.1"
  dependencies:
    "is-extglob" "^2.1.1"

"is-number@^7.0.0":
  "integrity" "sha1-dTU0W4lnNNX4DE0GxQlVUnoU8Ss="
  "resolved" "https://registry.npm.taobao.org/is-number/download/is-number-7.0.0.tgz"
  "version" "7.0.0"

"json5@^1.0.1":
  "integrity" "sha1-d5+wAYYE+oVOrL9iUhgNg1Q+Pb4="
  "resolved" "https://registry.npm.taobao.org/json5/download/json5-1.0.1.tgz?cache=0&other_urls=https%3A%2F%2Fregistry.npm.taobao.org%2Fjson5%2Fdownload%2Fjson5-1.0.1.tgz"
  "version" "1.0.1"
  dependencies:
    "minimist" "^1.2.0"

"loader-utils@^1.1.0":
  "integrity" "sha1-xXm140yzSxp07cbB+za/o3HVphM="
  "resolved" "https://registry.npm.taobao.org/loader-utils/download/loader-utils-1.4.0.tgz"
  "version" "1.4.0"
  dependencies:
    "big.js" "^5.2.2"
    "emojis-list" "^3.0.0"
    "json5" "^1.0.1"

"lodash.camelcase@^4.3.0":
  "integrity" "sha1-soqmKIorn8ZRA1x3EfZathkDMaY="
  "resolved" "https://registry.npm.taobao.org/lodash.camelcase/download/lodash.camelcase-4.3.0.tgz"
  "version" "4.3.0"

"lodash@^4.17.19", "lodash@^4.17.20":
  "integrity" "sha1-Z5WRxWTDv/quhFTPCz3zcMPWkRw="
  "resolved" "https://registry.npm.taobao.org/lodash/download/lodash-4.17.21.tgz?cache=0&sync_timestamp=1613835860585&other_urls=https%3A%2F%2Fregistry.npm.taobao.org%2Flodash%2Fdownload%2Flodash-4.17.21.tgz"
  "version" "4.17.21"

"lru-cache@^5.1.1":
  "integrity" "sha1-HaJ+ZxAnGUdpXa9oSOhH8B2EuSA="
  "resolved" "https://registry.npm.taobao.org/lru-cache/download/lru-cache-5.1.1.tgz"
  "version" "5.1.1"
  dependencies:
    "yallist" "^3.0.2"

"magic-string@^0.25.7":
  "integrity" "sha1-P0l9b9NMZpxnmNy4IfLvMfVEUFE="
  "resolved" "https://registry.npm.taobao.org/magic-string/download/magic-string-0.25.7.tgz"
  "version" "0.25.7"
  dependencies:
    "sourcemap-codec" "^1.4.4"

"merge-source-map@^1.1.0":
  "integrity" "sha1-L93n5gIJOfcJBqaPLXrmheTIxkY="
  "resolved" "https://registry.npm.taobao.org/merge-source-map/download/merge-source-map-1.1.0.tgz"
  "version" "1.1.0"
  dependencies:
    "source-map" "^0.6.1"

"minimist@^1.2.0":
  "integrity" "sha1-Z9ZgFLZqaoqqDAg8X9WN9OTpdgI="
  "resolved" "https://registry.npm.taobao.org/minimist/download/minimist-1.2.5.tgz?cache=0&sync_timestamp=1606706583368&other_urls=https%3A%2F%2Fregistry.npm.taobao.org%2Fminimist%2Fdownload%2Fminimist-1.2.5.tgz"
  "version" "1.2.5"

"mitt@^2.1.0":
  "integrity" "sha1-90BXfCMXbGIFsSGylzUU6t4bIjA="
  "resolved" "https://registry.npm.taobao.org/mitt/download/mitt-2.1.0.tgz"
  "version" "2.1.0"

"nanoid@^3.1.20":
  "integrity" "sha1-utwmPGsdzxS3HvqoX2q0wdbPx4g="
  "resolved" "https://registry.npm.taobao.org/nanoid/download/nanoid-3.1.20.tgz"
  "version" "3.1.20"

"normalize-path@^3.0.0", "normalize-path@~3.0.0":
  "integrity" "sha1-Dc1p/yOhybEf0JeDFmRKA4ghamU="
  "resolved" "https://registry.npm.taobao.org/normalize-path/download/normalize-path-3.0.0.tgz"
  "version" "3.0.0"

"normalize-wheel@^1.0.1":
  "integrity" "sha1-rsiGr/2wRQcNhWRH32Ls+GFG7EU="
  "resolved" "https://registry.npm.taobao.org/normalize-wheel/download/normalize-wheel-1.0.1.tgz"
  "version" "1.0.1"

"path-parse@^1.0.6":
  "integrity" "sha1-1i27VnlAXXLEc37FhgDp3c8G0kw="
  "resolved" "https://registry.npm.taobao.org/path-parse/download/path-parse-1.0.6.tgz"
  "version" "1.0.6"

"picomatch@^2.0.4", "picomatch@^2.2.1":
  "integrity" "sha1-IfMz6ba46v8CRo9RRupAbTRfTa0="
  "resolved" "https://registry.npm.taobao.org/picomatch/download/picomatch-2.2.2.tgz"
  "version" "2.2.2"

"postcss-modules-extract-imports@^3.0.0":
  "integrity" "sha1-zaHwR8CugMl9vijD52pDuIAldB0="
  "resolved" "https://registry.npm.taobao.org/postcss-modules-extract-imports/download/postcss-modules-extract-imports-3.0.0.tgz"
  "version" "3.0.0"

"postcss-modules-local-by-default@^4.0.0":
  "integrity" "sha1-67tU+uFZjuz99pGgKz/zs5ClpRw="
  "resolved" "https://registry.npm.taobao.org/postcss-modules-local-by-default/download/postcss-modules-local-by-default-4.0.0.tgz?cache=0&sync_timestamp=1602587682123&other_urls=https%3A%2F%2Fregistry.npm.taobao.org%2Fpostcss-modules-local-by-default%2Fdownload%2Fpostcss-modules-local-by-default-4.0.0.tgz"
  "version" "4.0.0"
  dependencies:
    "icss-utils" "^5.0.0"
    "postcss-selector-parser" "^6.0.2"
    "postcss-value-parser" "^4.1.0"

"postcss-modules-scope@^3.0.0":
  "integrity" "sha1-nvMVFFbTu/oSDKRImN/Kby+gHwY="
  "resolved" "https://registry.npm.taobao.org/postcss-modules-scope/download/postcss-modules-scope-3.0.0.tgz"
  "version" "3.0.0"
  dependencies:
    "postcss-selector-parser" "^6.0.4"

"postcss-modules-values@^4.0.0":
  "integrity" "sha1-18Xn5ow7s8myfL9Iyguz/7RgLJw="
  "resolved" "https://registry.npm.taobao.org/postcss-modules-values/download/postcss-modules-values-4.0.0.tgz"
  "version" "4.0.0"
  dependencies:
    "icss-utils" "^5.0.0"

"postcss-modules@^4.0.0":
  "integrity" "sha1-K8fydquI8/Gw+t9svXdy1DtfO5s="
  "resolved" "https://registry.npm.taobao.org/postcss-modules/download/postcss-modules-4.0.0.tgz"
  "version" "4.0.0"
  dependencies:
    "generic-names" "^2.0.1"
    "icss-replace-symbols" "^1.1.0"
    "lodash.camelcase" "^4.3.0"
    "postcss-modules-extract-imports" "^3.0.0"
    "postcss-modules-local-by-default" "^4.0.0"
    "postcss-modules-scope" "^3.0.0"
    "postcss-modules-values" "^4.0.0"
    "string-hash" "^1.1.1"

"postcss-selector-parser@^6.0.2", "postcss-selector-parser@^6.0.4":
  "integrity" "sha1-VgdaE4CgRgTDiwY+p3Z6Epr1wrM="
  "resolved" "https://registry.npm.taobao.org/postcss-selector-parser/download/postcss-selector-parser-6.0.4.tgz?cache=0&sync_timestamp=1601045448419&other_urls=https%3A%2F%2Fregistry.npm.taobao.org%2Fpostcss-selector-parser%2Fdownload%2Fpostcss-selector-parser-6.0.4.tgz"
  "version" "6.0.4"
  dependencies:
    "cssesc" "^3.0.0"
    "indexes-of" "^1.0.1"
    "uniq" "^1.0.1"
    "util-deprecate" "^1.0.2"

"postcss-value-parser@^4.1.0":
  "integrity" "sha1-RD9qIM7WSBor2k+oUypuVdeJoss="
  "resolved" "https://registry.npm.taobao.org/postcss-value-parser/download/postcss-value-parser-4.1.0.tgz"
  "version" "4.1.0"

"postcss@^8.0.0", "postcss@^8.1.0", "postcss@^8.1.10", "postcss@^8.2.1":
  "integrity" "sha1-XWmpdFQ7Rfh+RkvEw+OSqX1r6f4="
  "resolved" "https://registry.npm.taobao.org/postcss/download/postcss-8.2.6.tgz?cache=0&sync_timestamp=1612982308632&other_urls=https%3A%2F%2Fregistry.npm.taobao.org%2Fpostcss%2Fdownload%2Fpostcss-8.2.6.tgz"
  "version" "8.2.6"
  dependencies:
    "colorette" "^1.2.1"
    "nanoid" "^3.1.20"
    "source-map" "^0.6.1"

"readdirp@~3.5.0":
  "integrity" "sha1-m6dMAZsV02UnjS6Ru4xI17TULJ4="
  "resolved" "https://registry.npm.taobao.org/readdirp/download/readdirp-3.5.0.tgz"
  "version" "3.5.0"
  dependencies:
    "picomatch" "^2.2.1"

"resize-observer-polyfill@^1.5.1":
  "integrity" "sha1-DpAg3T0hAkRY1OvSfiPkAmmBBGQ="
  "resolved" "https://registry.npm.taobao.org/resize-observer-polyfill/download/resize-observer-polyfill-1.5.1.tgz"
  "version" "1.5.1"

"resolve@^1.19.0":
  "integrity" "sha1-YpoBP7P3B1XW8LeTXMHCxTeLGXU="
  "resolved" "https://registry.npm.taobao.org/resolve/download/resolve-1.20.0.tgz"
  "version" "1.20.0"
  dependencies:
    "is-core-module" "^2.2.0"
    "path-parse" "^1.0.6"

"rollup@^2.38.5":
  "integrity" "sha1-78IY6u3nq1kJVN9Q+WGVGImZwwQ="
  "resolved" "https://registry.npm.taobao.org/rollup/download/rollup-2.40.0.tgz?cache=0&sync_timestamp=1614350824029&other_urls=https%3A%2F%2Fregistry.npm.taobao.org%2Frollup%2Fdownload%2Frollup-2.40.0.tgz"
  "version" "2.40.0"
  optionalDependencies:
    "fsevents" "~2.3.1"

"sass@^1.32.8":
  "integrity" "sha1-8WqavY3FMK3Yg05QaHiigIwDe9w="
  "resolved" "https://registry.npm.taobao.org/sass/download/sass-1.32.8.tgz"
  "version" "1.32.8"
  dependencies:
    "chokidar" ">=2.0.0 <4.0.0"

"source-map@^0.6.1":
  "integrity" "sha1-dHIq8y6WFOnCh6jQu95IteLxomM="
  "resolved" "https://registry.npm.taobao.org/source-map/download/source-map-0.6.1.tgz"
  "version" "0.6.1"

"sourcemap-codec@^1.4.4":
  "integrity" "sha1-6oBL2UhXQC5pktBaOO8a41qatMQ="
  "resolved" "https://registry.npm.taobao.org/sourcemap-codec/download/sourcemap-codec-1.4.8.tgz"
  "version" "1.4.8"

"string-hash@^1.1.1":
  "integrity" "sha1-6Kr8CsGFW0Zmkp7X3RJ1311sgRs="
  "resolved" "https://registry.npm.taobao.org/string-hash/download/string-hash-1.1.3.tgz"
  "version" "1.1.3"

"to-fast-properties@^2.0.0":
  "integrity" "sha1-3F5pjL0HkmW8c+A3doGk5Og/YW4="
  "resolved" "https://registry.npm.taobao.org/to-fast-properties/download/to-fast-properties-2.0.0.tgz"
  "version" "2.0.0"

"to-regex-range@^5.0.1":
  "integrity" "sha1-FkjESq58jZiKMmAY7XL1tN0DkuQ="
  "resolved" "https://registry.npm.taobao.org/to-regex-range/download/to-regex-range-5.0.1.tgz"
  "version" "5.0.1"
  dependencies:
    "is-number" "^7.0.0"

"uniq@^1.0.1":
  "integrity" "sha1-sxxa6CVIRKOoKBVBzisEuGWnNP8="
  "resolved" "https://registry.npm.taobao.org/uniq/download/uniq-1.0.1.tgz"
  "version" "1.0.1"

"util-deprecate@^1.0.2":
  "integrity" "sha1-RQ1Nyfpw3nMnYvvS1KKJgUGaDM8="
  "resolved" "https://registry.npm.taobao.org/util-deprecate/download/util-deprecate-1.0.2.tgz"
  "version" "1.0.2"

"vite@^2.0.1":
  "integrity" "sha1-BjUypBObWaBnKX2Ou1lg1FCQegk="
  "resolved" "https://registry.npm.taobao.org/vite/download/vite-2.0.4.tgz"
  "version" "2.0.4"
  dependencies:
    "esbuild" "^0.8.52"
    "postcss" "^8.2.1"
    "resolve" "^1.19.0"
    "rollup" "^2.38.5"
  optionalDependencies:
    "fsevents" "~2.3.1"

"vue-router@^4.0.4":
  "integrity" "sha1-rZtLe72tYiQHtP8YmxZG9IwekFM="
  "resolved" "https://registry.npm.taobao.org/vue-router/download/vue-router-4.0.4.tgz?cache=0&sync_timestamp=1613740713323&other_urls=https%3A%2F%2Fregistry.npm.taobao.org%2Fvue-router%2Fdownload%2Fvue-router-4.0.4.tgz"
  "version" "4.0.4"

"vue@^3.0.0", "vue@^3.0.2", "vue@^3.0.5", "vue@3.0.6":
  "integrity" "sha1-LBbtS7ZvFtbG9uqjt9WDWnZZgEk="
  "resolved" "https://registry.npm.taobao.org/vue/download/vue-3.0.6.tgz"
  "version" "3.0.6"
  dependencies:
    "@vue/compiler-dom" "3.0.6"
    "@vue/runtime-dom" "3.0.6"
    "@vue/shared" "3.0.6"

"vuex@^4.0.0":
  "integrity" "sha1-rId6p2qcRTaMl5Rx5GG1INOObPU="
  "resolved" "https://registry.npm.taobao.org/vuex/download/vuex-4.0.0.tgz"
  "version" "4.0.0"

"yallist@^3.0.2":
  "integrity" "sha1-27fa+b/YusmrRev2ArjLrQ1dCP0="
  "resolved" "https://registry.npm.taobao.org/yallist/download/yallist-3.1.1.tgz"
  "version" "3.1.1"
